
Microsoft Visual Studio Solution File, Format Version 12.00
# Visual Studio Version 16
VisualStudioVersion = 16.0.28711.60
MinimumVisualStudioVersion = 10.0.40219.1
Project("{FAE04EC0-301F-11D3-BF4B-00C04F79EFBC}") = "procession", "procession.csproj", "{C5126508-BF19-468B-BED7-E9CA8C8E2B86}"
EndProject
Project("{FAE04EC0-301F-11D3-BF4B-00C04F79EFBC}") = "processionTests", "..\processionTests\processionTests.csproj", "{133CDB75-B461-4F7D-BB63-55A71E077D62}"
EndProject
Project("{FAE04EC0-301F-11D3-BF4B-00C04F79EFBC}") = "WpfApp2", "..\WpfApp2\WpfApp2.csproj", "{018B4EBA-5128-4FFA-9E3B-438799DAE6A1}"
EndProject
Global
	GlobalSection(SolutionConfigurationPlatforms) = preSolution
		Debug|Any CPU = Debug|Any CPU
		Release|Any CPU = Release|Any CPU
	EndGlobalSection
	GlobalSection(ProjectConfigurationPlatforms) = postSolution
		{C5126508-BF19-468B-BED7-E9CA8C8E2B86}.Debug|Any CPU.ActiveCfg = Debug|Any CPU
		{C5126508-BF19-468B-BED7-E9CA8C8E2B86}.Debug|Any CPU.Build.0 = Debug|Any CPU
		{C5126508-BF19-468B-BED7-E9CA8C8E2B86}.Release|Any CPU.ActiveCfg = Release|Any CPU
		{C5126508-BF19-468B-BED7-E9CA8C8E2B86}.Release|Any CPU.Build.0 = Release|Any CPU
		{133CDB75-B461-4F7D-BB63-55A71E077D62}.Debug|Any CPU.ActiveCfg = Debug|Any CPU
		{133CDB75-B461-4F7D-BB63-55A71E077D62}.Debug|Any CPU.Build.0 = Debug|Any CPU
		{133CDB75-B461-4F7D-BB63-55A71E077D62}.Release|Any CPU.ActiveCfg = Release|Any CPU
		{133CDB75-B461-4F7D-BB63-55A71E077D62}.Release|Any CPU.Build.0 = Release|Any CPU
		{018B4EBA-5128-4FFA-9E3B-438799DAE6A1}.Debug|Any CPU.ActiveCfg = Debug|Any CPU
		{018B4EBA-5128-4FFA-9E3B-438799DAE6A1}.Debug|Any CPU.Build.0 = Debug|Any CPU
		{018B4EBA-5128-4FFA-9E3B-438799DAE6A1}.Release|Any CPU.ActiveCfg = Release|Any CPU
		{018B4EBA-5128-4FFA-9E3B-438799DAE6A1}.Release|Any CPU.Build.0 = Release|Any CPU
	EndGlobalSection
	GlobalSection(SolutionProperties) = preSolution
		HideSolutionNode = FALSE
	EndGlobalSection
	GlobalSection(ExtensibilityGlobals) = postSolution
		SolutionGuid = {C17DE7CD-959F-4009-B054-AA8FB82E6862}
	EndGlobalSection
EndGlobal
